// !$*UTF8*$!
{
	archiveVersion = 1;
	classes = {
	};
	objectVersion = 46;
	objects = {

/* Begin PBXBuildFile section */
		1063E23519C592600030FB1D /* normal.jpg in Resources */ = {isa = PBXBuildFile; fileRef = 1063E23319C592600030FB1D /* normal.jpg */; };
		1063E23619C592600030FB1D /* now.jpg in Resources */ = {isa = PBXBuildFile; fileRef = 1063E23419C592600030FB1D /* now.jpg */; };
		1063E23819C59A460030FB1D /* button.png in Resources */ = {isa = PBXBuildFile; fileRef = 1063E23719C59A460030FB1D /* button.png */; };
		A7E58F7819C2F9EA005FD586 /* main.m in Sources */ = {isa = PBXBuildFile; fileRef = A7E58F7719C2F9EA005FD586 /* main.m */; };
		A7E58F7B19C2F9EA005FD586 /* AppDelegate.m in Sources */ = {isa = PBXBuildFile; fileRef = A7E58F7A19C2F9EA005FD586 /* AppDelegate.m */; };
		A7E58F7E19C2F9EA005FD586 /* ViewController.m in Sources */ = {isa = PBXBuildFile; fileRef = A7E58F7D19C2F9EA005FD586 /* ViewController.m */; };
		A7E58F8119C2F9EA005FD586 /* Main.storyboard in Resources */ = {isa = PBXBuildFile; fileRef = A7E58F7F19C2F9EA005FD586 /* Main.storyboard */; };
		A7E58F8319C2F9EA005FD586 /* Images.xcassets in Resources */ = {isa = PBXBuildFile; fileRef = A7E58F8219C2F9EA005FD586 /* Images.xcassets */; };
		A7E58F8619C2F9EA005FD586 /* LaunchScreen.xib in Resources */ = {isa = PBXBuildFile; fileRef = A7E58F8419C2F9EA005FD586 /* LaunchScreen.xib */; };
		A7E58F9219C2F9EA005FD586 /* reaktion_gameTests.m in Sources */ = {isa = PBXBuildFile; fileRef = A7E58F9119C2F9EA005FD586 /* reaktion_gameTests.m */; };
/* End PBXBuildFile section */

/* Begin PBXContainerItemProxy section */
		A7E58F8C19C2F9EA005FD586 /* PBXContainerItemProxy */ = {
			isa = PBXContainerItemProxy;
			containerPortal = A7E58F6A19C2F9EA005FD586 /* Project object */;
			proxyType = 1;
			remoteGlobalIDString = A7E58F7119C2F9EA005FD586;
			remoteInfo = "reaktion-game";
		};
/* End PBXContainerItemProxy section */

/* Begin PBXFileReference section */
		1063E23319C592600030FB1D /* normal.jpg */ = {isa = PBXFileReference; lastKnownFileType = image.jpeg; path = normal.jpg; sourceTree = "<group>"; };
		1063E23419C592600030FB1D /* now.jpg */ = {isa = PBXFileReference; lastKnownFileType = image.jpeg; path = now.jpg; sourceTree = "<group>"; };
		1063E23719C59A460030FB1D /* button.png */ = {isa = PBXFileReference; lastKnownFileType = image.png; path = button.png; sourceTree = "<group>"; };
		A7E58F7219C2F9EA005FD586 /* reaktion-game.app */ = {isa = PBXFileReference; explicitFileType = wrapper.application; includeInIndex = 0; path = "reaktion-game.app"; sourceTree = BUILT_PRODUCTS_DIR; };
		A7E58F7619C2F9EA005FD586 /* Info.plist */ = {isa = PBXFileReference; lastKnownFileType = text.plist.xml; path = Info.plist; sourceTree = "<group>"; };
		A7E58F7719C2F9EA005FD586 /* main.m */ = {isa = PBXFileReference; lastKnownFileType = sourcecode.c.objc; path = main.m; sourceTree = "<group>"; };
		A7E58F7919C2F9EA005FD586 /* AppDelegate.h */ = {isa = PBXFileReference; lastKnownFileType = sourcecode.c.h; path = AppDelegate.h; sourceTree = "<group>"; };
		A7E58F7A19C2F9EA005FD586 /* AppDelegate.m */ = {isa = PBXFileReference; lastKnownFileType = sourcecode.c.objc; path = AppDelegate.m; sourceTree = "<group>"; };
		A7E58F7C19C2F9EA005FD586 /* ViewController.h */ = {isa = PBXFileReference; lastKnownFileType = sourcecode.c.h; path = ViewController.h; sourceTree = "<group>"; };
		A7E58F7D19C2F9EA005FD586 /* ViewController.m */ = {isa = PBXFileReference; lastKnownFileType = sourcecode.c.objc; path = ViewController.m; sourceTree = "<group>"; };
		A7E58F8019C2F9EA005FD586 /* Base */ = {isa = PBXFileReference; lastKnownFileType = file.storyboard; name = Base; path = Base.lproj/Main.storyboard; sourceTree = "<group>"; };
		A7E58F8219C2F9EA005FD586 /* Images.xcassets */ = {isa = PBXFileReference; lastKnownFileType = folder.assetcatalog; path = Images.xcassets; sourceTree = "<group>"; };
		A7E58F8519C2F9EA005FD586 /* Base */ = {isa = PBXFileReference; lastKnownFileType = file.xib; name = Base; path = Base.lproj/LaunchScreen.xib; sourceTree = "<group>"; };
		A7E58F8B19C2F9EA005FD586 /* reaktion-gameTests.xctest */ = {isa = PBXFileReference; explicitFileType = wrapper.cfbundle; includeInIndex = 0; path = "reaktion-gameTests.xctest"; sourceTree = BUILT_PRODUCTS_DIR; };
		A7E58F9019C2F9EA005FD586 /* Info.plist */ = {isa = PBXFileReference; lastKnownFileType = text.plist.xml; path = Info.plist; sourceTree = "<group>"; };
		A7E58F9119C2F9EA005FD586 /* reaktion_gameTests.m */ = {isa = PBXFileReference; lastKnownFileType = sourcecode.c.objc; path = reaktion_gameTests.m; sourceTree = "<group>"; };
/* End PBXFileReference section */

/* Begin PBXFrameworksBuildPhase section */
		A7E58F6F19C2F9EA005FD586 /* Frameworks */ = {
			isa = PBXFrameworksBuildPhase;
			buildActionMask = 2147483647;
			files = (
			);
			runOnlyForDeploymentPostprocessing = 0;
		};
		A7E58F8819C2F9EA005FD586 /* Frameworks */ = {
			isa = PBXFrameworksBuildPhase;
			buildActionMask = 2147483647;
			files = (
			);
			runOnlyForDeploymentPostprocessing = 0;
		};
/* End PBXFrameworksBuildPhase section */

/* Begin PBXGroup section */
		1063E23219C592580030FB1D /* img */ = {
			isa = PBXGroup;
			children = (
				1063E23319C592600030FB1D /* normal.jpg */,
				1063E23719C59A460030FB1D /* button.png */,
				1063E23419C592600030FB1D /* now.jpg */,
			);
			name = img;
			sourceTree = "<group>";
		};
		A7E58F6919C2F9EA005FD586 = {
			isa = PBXGroup;
			children = (
				A7E58F7419C2F9EA005FD586 /* reaktion-game */,
				A7E58F8E19C2F9EA005FD586 /* reaktion-gameTests */,
				A7E58F7319C2F9EA005FD586 /* Products */,
			);
			sourceTree = "<group>";
		};
		A7E58F7319C2F9EA005FD586 /* Products */ = {
			isa = PBXGroup;
			children = (
				A7E58F7219C2F9EA005FD586 /* reaktion-game.app */,
				A7E58F8B19C2F9EA005FD586 /* reaktion-gameTests.xctest */,
			);
			name = Products;
			sourceTree = "<group>";
		};
		A7E58F7419C2F9EA005FD586 /* reaktion-game */ = {
			isa = PBXGroup;
			children = (
				1063E23219C592580030FB1D /* img */,
				A7E58F7919C2F9EA005FD586 /* AppDelegate.h */,
				A7E58F7A19C2F9EA005FD586 /* AppDelegate.m */,
				A7E58F7C19C2F9EA005FD586 /* ViewController.h */,
				A7E58F7D19C2F9EA005FD586 /* ViewController.m */,
				A7E58F7F19C2F9EA005FD586 /* Main.storyboard */,
				A7E58F8219C2F9EA005FD586 /* Images.xcassets */,
				A7E58F8419C2F9EA005FD586 /* LaunchScreen.xib */,
				A7E58F7519C2F9EA005FD586 /* Supporting Files */,
			);
			path = "reaktion-game";
			sourceTree = "<group>";
		};
		A7E58F7519C2F9EA005FD586 /* Supporting Files */ = {
			isa = PBXGroup;
			children = (
				A7E58F7619C2F9EA005FD586 /* Info.plist */,
				A7E58F7719C2F9EA005FD586 /* main.m */,
			);
			name = "Supporting Files";
			sourceTree = "<group>";
		};
		A7E58F8E19C2F9EA005FD586 /* reaktion-gameTests */ = {
			isa = PBXGroup;
			children = (
				A7E58F9119C2F9EA005FD586 /* reaktion_gameTests.m */,
				A7E58F8F19C2F9EA005FD586 /* Supporting Files */,
			);
			path = "reaktion-gameTests";
			sourceTree = "<group>";
		};
		A7E58F8F19C2F9EA005FD586 /* Supporting Files */ = {
			isa = PBXGroup;
			children = (
				A7E58F9019C2F9EA005FD586 /* Info.plist */,
			);
			name = "Supporting Files";
			sourceTree = "<group>";
		};
/* End PBXGroup section */

/* Begin PBXNativeTarget section */
		A7E58F7119C2F9EA005FD586 /* reaktion-game */ = {
			isa = PBXNativeTarget;
			buildConfigurationList = A7E58F9519C2F9EA005FD586 /* Build configuration list for PBXNativeTarget "reaktion-game" */;
			buildPhases = (
				A7E58F6E19C2F9EA005FD586 /* Sources */,
				A7E58F6F19C2F9EA005FD586 /* Frameworks */,
				A7E58F7019C2F9EA005FD586 /* Resources */,
			);
			buildRules = (
			);
			dependencies = (
			);
			name = "reaktion-game";
			productName = "reaktion-game";
			productReference = A7E58F7219C2F9EA005FD586 /* reaktion-game.app */;
			productType = "com.apple.product-type.application";
		};
		A7E58F8A19C2F9EA005FD586 /* reaktion-gameTests */ = {
			isa = PBXNativeTarget;
			buildConfigurationList = A7E58F9819C2F9EA005FD586 /* Build configuration list for PBXNativeTarget "reaktion-gameTests" */;
			buildPhases = (
				A7E58F8719C2F9EA005FD586 /* Sources */,
				A7E58F8819C2F9EA005FD586 /* Frameworks */,
				A7E58F8919C2F9EA005FD586 /* Resources */,
			);
			buildRules = (
			);
			dependencies = (
				A7E58F8D19C2F9EA005FD586 /* PBXTargetDependency */,
			);
			name = "reaktion-gameTests";
			productName = "reaktion-gameTests";
			productReference = A7E58F8B19C2F9EA005FD586 /* reaktion-gameTests.xctest */;
			productType = "com.apple.product-type.bundle.unit-test";
		};
/* End PBXNativeTarget section */

/* Begin PBXProject section */
		A7E58F6A19C2F9EA005FD586 /* Project object */ = {
			isa = PBXProject;
			attributes = {
				LastUpgradeCheck = 0600;
				ORGANIZATIONNAME = "Merdin Pirildak";
				TargetAttributes = {
					A7E58F7119C2F9EA005FD586 = {
						CreatedOnToolsVersion = 6.0;
					};
					A7E58F8A19C2F9EA005FD586 = {
						CreatedOnToolsVersion = 6.0;
						TestTargetID = A7E58F7119C2F9EA005FD586;
					};
				};
			};
			buildConfigurationList = A7E58F6D19C2F9EA005FD586 /* Build configuration list for PBXProject "reaktion-game" */;
			compatibilityVersion = "Xcode 3.2";
			developmentRegion = English;
			hasScannedForEncodings = 0;
			knownRegions = (
				en,
				Base,
			);
			mainGroup = A7E58F6919C2F9EA005FD586;
			productRefGroup = A7E58F7319C2F9EA005FD586 /* Products */;
			projectDirPath = "";
			projectRoot = "";
			targets = (
				A7E58F7119C2F9EA005FD586 /* reaktion-game */,
				A7E58F8A19C2F9EA005FD586 /* reaktion-gameTests */,
			);
		};
/* End PBXProject section */

/* Begin PBXResourcesBuildPhase section */
		A7E58F7019C2F9EA005FD586 /* Resources */ = {
			isa = PBXResourcesBuildPhase;
			buildActionMask = 2147483647;
			files = (
				1063E23619C592600030FB1D /* now.jpg in Resources */,
				1063E23819C59A460030FB1D /* button.png in Resources */,
				A7E58F8119C2F9EA005FD586 /* Main.storyboard in Resources */,
				A7E58F8619C2F9EA005FD586 /* LaunchScreen.xib in Resources */,
				1063E23519C592600030FB1D /* normal.jpg in Resources */,
				A7E58F8319C2F9EA005FD586 /* Images.xcassets in Resources */,
			);
			runOnlyForDeploymentPostprocessing = 0;
		};
		A7E58F8919C2F9EA005FD586 /* Resources */ = {
			isa = PBXResourcesBuildPhase;
			buildActionMask = 2147483647;
			files = (
			);
			runOnlyForDeploymentPostprocessing = 0;
		};
/* End PBXResourcesBuildPhase section */

/* Begin PBXSourcesBuildPhase section */
		A7E58F6E19C2F9EA005FD586 /* Sources */ = {
			isa = PBXSourcesBuildPhase;
			buildActionMask = 2147483647;
			files = (
				A7E58F7E19C2F9EA005FD586 /* ViewController.m in Sources */,
				A7E58F7B19C2F9EA005FD586 /* AppDelegate.m in Sources */,
				A7E58F7819C2F9EA005FD586 /* main.m in Sources */,
			);
			runOnlyForDeploymentPostprocessing = 0;
		};
		A7E58F8719C2F9EA005FD586 /* Sources */ = {
			isa = PBXSourcesBuildPhase;
			buildActionMask = 2147483647;
			files = (
				A7E58F9219C2F9EA005FD586 /* reaktion_gameTests.m in Sources */,
			);
			runOnlyForDeploymentPostprocessing = 0;
		};
/* End PBXSourcesBuildPhase section */

/* Begin PBXTargetDependency section */
		A7E58F8D19C2F9EA005FD586 /* PBXTargetDependency */ = {
			isa = PBXTargetDependency;
			target = A7E58F7119C2F9EA005FD586 /* reaktion-game */;
			targetProxy = A7E58F8C19C2F9EA005FD586 /* PBXContainerItemProxy */;
		};
/* End PBXTargetDependency section */

/* Begin PBXVariantGroup section */
		A7E58F7F19C2F9EA005FD586 /* Main.storyboard */ = {
			isa = PBXVariantGroup;
			children = (
				A7E58F8019C2F9EA005FD586 /* Base */,
			);
			name = Main.storyboard;
			sourceTree = "<group>";
		};
		A7E58F8419C2F9EA005FD586 /* LaunchScreen.xib */ = {
			isa = PBXVariantGroup;
			children = (
				A7E58F8519C2F9EA005FD586 /* Base */,
			);
			name = LaunchScreen.xib;
			sourceTree = "<group>";
		};
/* End PBXVariantGroup section */

/* Begin XCBuildConfiguration section */
		A7E58F9319C2F9EA005FD586 /* Debug */ = {
			isa = XCBuildConfiguration;
			buildSettings = {
				ALWAYS_SEARCH_USER_PATHS = NO;
				CLANG_CXX_LANGUAGE_STANDARD = "gnu++0x";
				CLANG_CXX_LIBRARY = "libc++";
				CLANG_ENABLE_MODULES = YES;
				CLANG_ENABLE_OBJC_ARC = YES;
				CLANG_WARN_BOOL_CONVERSION = YES;
				CLANG_WARN_CONSTANT_CONVERSION = YES;
				CLANG_WARN_DIRECT_OBJC_ISA_USAGE = YES_ERROR;
				CLANG_WARN_EMPTY_BODY = YES;
				CLANG_WARN_ENUM_CONVERSION = YES;
				CLANG_WARN_INT_CONVERSION = YES;
				CLANG_WARN_OBJC_ROOT_CLASS = YES_ERROR;
				CLANG_WARN_UNREACHABLE_CODE = YES;
				CLANG_WARN__DUPLICATE_METHOD_MATCH = YES;
				"CODE_SIGN_IDENTITY[sdk=iphoneos*]" = "iPhone Developer";
				COPY_PHASE_STRIP = NO;
				ENABLE_STRICT_OBJC_MSGSEND = YES;
				GCC_C_LANGUAGE_STANDARD = gnu99;
				GCC_DYNAMIC_NO_PIC = NO;
				GCC_OPTIMIZATION_LEVEL = 0;
				GCC_PREPROCESSOR_DEFINITIONS = (
					"DEBUG=1",
					"$(inherited)",
				);
				GCC_SYMBOLS_PRIVATE_EXTERN = NO;
				GCC_WARN_64_TO_32_BIT_CONVERSION = YES;
				GCC_WARN_ABOUT_RETURN_TYPE = YES_ERROR;
				GCC_WARN_UNDECLARED_SELECTOR = YES;
				GCC_WARN_UNINITIALIZED_AUTOS = YES_AGGRESSIVE;
				GCC_WARN_UNUSED_FUNCTION = YES;
				GCC_WARN_UNUSED_VARIABLE = YES;
				IPHONEOS_DEPLOYMENT_TARGET = 8.0;
				MTL_ENABLE_DEBUG_INFO = YES;
				ONLY_ACTIVE_ARCH = YES;
				SDKROOT = iphoneos;
			};
			name = Debug;
		};
		A7E58F9419C2F9EA005FD586 /* Release */ = {
			isa = XCBuildConfiguration;
			buildSettings = {
				ALWAYS_SEARCH_USER_PATHS = NO;
				CLANG_CXX_LANGUAGE_STANDARD = "gnu++0x";
				CLANG_CXX_LIBRARY = "libc++";
				CLANG_ENABLE_MODULES = YES;
				CLANG_ENABLE_OBJC_ARC = YES;
				CLANG_WARN_BOOL_CONVERSION = YES;
				CLANG_WARN_CONSTANT_CONVERSION = YES;
				CLANG_WARN_DIRECT_OBJC_ISA_USAGE = YES_ERROR;
				CLANG_WARN_EMPTY_BODY = YES;
				CLANG_WARN_ENUM_CONVERSION = YES;
				CLANG_WARN_INT_CONVERSION = YES;
				CLANG_WARN_OBJC_ROOT_CLASS = YES_ERROR;
				CLANG_WARN_UNREACHABLE_CODE = YES;
				CLANG_WARN__DUPLICATE_METHOD_MATCH = YES;
				"CODE_SIGN_IDENTITY[sdk=iphoneos*]" = "iPhone Developer";
				COPY_PHASE_STRIP = YES;
				ENABLE_NS_ASSERTIONS = NO;
				ENABLE_STRICT_OBJC_MSGSEND = YES;
				GCC_C_LANGUAGE_STANDARD = gnu99;
				GCC_WARN_64_TO_32_BIT_CONVERSION = YES;
				GCC_WARN_ABOUT_RETURN_TYPE = YES_ERROR;
				GCC_WARN_UNDECLARED_SELECTOR = YES;
				GCC_WARN_UNINITIALIZED_AUTOS = YES_AGGRESSIVE;
				GCC_WARN_UNUSED_FUNCTION = YES;
				GCC_WARN_UNUSED_VARIABLE = YES;
				IPHONEOS_DEPLOYMENT_TARGET = 8.0;
				MTL_ENABLE_DEBUG_INFO = NO;
				SDKROOT = iphoneos;
				VALIDATE_PRODUCT = YES;
			};
			name = Release;
		};
		A7E58F9619C2F9EA005FD586 /* Debug */ = {
			isa = XCBuildConfiguration;
			buildSettings = {
				ASSETCATALOG_COMPILER_APPICON_NAME = AppIcon;
				INFOPLIST_FILE = "reaktion-game/Info.plist";
				LD_RUNPATH_SEARCH_PATHS = "$(inherited) @executable_path/Frameworks";
				PRODUCT_NAME = "$(TARGET_NAME)";
			};
			name = Debug;
		};
		A7E58F9719C2F9EA005FD586 /* Release */ = {
			isa = XCBuildConfiguration;
			buildSettings = {
				ASSETCATALOG_COMPILER_APPICON_NAME = AppIcon;
				INFOPLIST_FILE = "reaktion-game/Info.plist";
				LD_RUNPATH_SEARCH_PATHS = "$(inherited) @executable_path/Frameworks";
				PRODUCT_NAME = "$(TARGET_NAME)";
			};
			name = Release;
		};
		A7E58F9919C2F9EA005FD586 /* Debug */ = {
			isa = XCBuildConfiguration;
			buildSettings = {
				BUNDLE_LOADER = "$(TEST_HOST)";
				FRAMEWORK_SEARCH_PATHS = (
					"$(SDKROOT)/Developer/Library/Frameworks",
					"$(inherited)",
				);
				GCC_PREPROCESSOR_DEFINITIONS = (
					"DEBUG=1",
					"$(inherited)",
				);
				INFOPLIST_FILE = "reaktion-gameTests/Info.plist";
				LD_RUNPATH_SEARCH_PATHS = "$(inherited) @executable_path/Frameworks @loader_path/Frameworks";
				PRODUCT_NAME = "$(TARGET_NAME)";
				TEST_HOST = "$(BUILT_PRODUCTS_DIR)/reaktion-game.app/reaktion-game";
			};
			name = Debug;
		};
		A7E58F9A19C2F9EA005FD586 /* Release */ = {
			isa = XCBuildConfiguration;
			buildSettings = {
				BUNDLE_LOADER = "$(TEST_HOST)";
				FRAMEWORK_SEARCH_PATHS = (
					"$(SDKROOT)/Developer/Library/Frameworks",
					"$(inherited)",
				);
				INFOPLIST_FILE = "reaktion-gameTests/Info.plist";
				LD_RUNPATH_SEARCH_PATHS = "$(inherited) @executable_path/Frameworks @loader_path/Frameworks";
				PRODUCT_NAME = "$(TARGET_NAME)";
				TEST_HOST = "$(BUILT_PRODUCTS_DIR)/reaktion-game.app/reaktion-game";
			};
			name = Release;
		};
/* End XCBuildConfiguration section */

/* Begin XCConfigurationList section */
		A7E58F6D19C2F9EA005FD586 /* Build configuration list for PBXProject "reaktion-game" */ = {
			isa = XCConfigurationList;
			buildConfigurations = (
				A7E58F9319C2F9EA005FD586 /* Debug */,
				A7E58F9419C2F9EA005FD586 /* Release */,
			);
			defaultConfigurationIsVisible = 0;
			defaultConfigurationName = Release;
		};
		A7E58F9519C2F9EA005FD586 /* Build configuration list for PBXNativeTarget "reaktion-game" */ = {
			isa = XCConfigurationList;
			buildConfigurations = (
				A7E58F9619C2F9EA005FD586 /* Debug */,
				A7E58F9719C2F9EA005FD586 /* Release */,
			);
			defaultConfigurationIsVisible = 0;
			defaultConfigurationName = Release;
		};
		A7E58F9819C2F9EA005FD586 /* Build configuration list for PBXNativeTarget "reaktion-gameTests" */ = {
			isa = XCConfigurationList;
			buildConfigurations = (
				A7E58F9919C2F9EA005FD586 /* Debug */,
				A7E58F9A19C2F9EA005FD586 /* Release */,
			);
			defaultConfigurationIsVisible = 0;
			defaultConfigurationName = Release;
		};
/* End XCConfigurationList section */
	};
	rootObject = A7E58F6A19C2F9EA005FD586 /* Project object */;
}
